// !$*UTF8*$!
{
	archiveVersion = 1;
	classes = {
	};
	objectVersion = 56;
	objects = {

/* Begin PBXBuildFile section */
		92987862C45B902F0BD5E0CB /* Pods_EML_Integration.framework in Frameworks */ = {isa = PBXBuildFile; fileRef = F0FF7BBF3CDDFEAF799AC3C9 /* Pods_EML_Integration.framework */; };
		F931CEAD2BAD6B260000E522 /* AppDelegate.swift in Sources */ = {isa = PBXBuildFile; fileRef = F931CEAC2BAD6B260000E522 /* AppDelegate.swift */; };
		F931CEAF2BAD6B260000E522 /* SceneDelegate.swift in Sources */ = {isa = PBXBuildFile; fileRef = F931CEAE2BAD6B260000E522 /* SceneDelegate.swift */; };
		F931CEB12BAD6B260000E522 /* ViewController.swift in Sources */ = {isa = PBXBuildFile; fileRef = F931CEB02BAD6B260000E522 /* ViewController.swift */; };
		F931CEB42BAD6B260000E522 /* Base in Resources */ = {isa = PBXBuildFile; fileRef = F931CEB32BAD6B260000E522 /* Base */; };
		F931CEB62BAD6B280000E522 /* Assets.xcassets in Resources */ = {isa = PBXBuildFile; fileRef = F931CEB52BAD6B280000E522 /* Assets.xcassets */; };
		F931CEB92BAD6B280000E522 /* Base in Resources */ = {isa = PBXBuildFile; fileRef = F931CEB82BAD6B280000E522 /* Base */; };
		F9EE709C2BAD817E008263C6 /* EML.swift in Sources */ = {isa = PBXBuildFile; fileRef = F9EE709B2BAD817E008263C6 /* EML.swift */; };
		F9EE709F2BAD8239008263C6 /* Constants.swift in Sources */ = {isa = PBXBuildFile; fileRef = F9EE709E2BAD8239008263C6 /* Constants.swift */; };
/* End PBXBuildFile section */

/* Begin PBXFileReference section */
		1100C14C73427335D4621EC5 /* Pods-EML-Integration.release.xcconfig */ = {isa = PBXFileReference; includeInIndex = 1; lastKnownFileType = text.xcconfig; name = "Pods-EML-Integration.release.xcconfig"; path = "Target Support Files/Pods-EML-Integration/Pods-EML-Integration.release.xcconfig"; sourceTree = "<group>"; };
		84DCA56D66BF82E5C09C57AF /* Pods-EML-Integration.debug.xcconfig */ = {isa = PBXFileReference; includeInIndex = 1; lastKnownFileType = text.xcconfig; name = "Pods-EML-Integration.debug.xcconfig"; path = "Target Support Files/Pods-EML-Integration/Pods-EML-Integration.debug.xcconfig"; sourceTree = "<group>"; };
		F0FF7BBF3CDDFEAF799AC3C9 /* Pods_EML_Integration.framework */ = {isa = PBXFileReference; explicitFileType = wrapper.framework; includeInIndex = 0; path = Pods_EML_Integration.framework; sourceTree = BUILT_PRODUCTS_DIR; };
		F931CEA92BAD6B260000E522 /* EML-Integration.app */ = {isa = PBXFileReference; explicitFileType = wrapper.application; includeInIndex = 0; path = "EML-Integration.app"; sourceTree = BUILT_PRODUCTS_DIR; };
		F931CEAC2BAD6B260000E522 /* AppDelegate.swift */ = {isa = PBXFileReference; lastKnownFileType = sourcecode.swift; path = AppDelegate.swift; sourceTree = "<group>"; };
		F931CEAE2BAD6B260000E522 /* SceneDelegate.swift */ = {isa = PBXFileReference; lastKnownFileType = sourcecode.swift; path = SceneDelegate.swift; sourceTree = "<group>"; };
		F931CEB02BAD6B260000E522 /* ViewController.swift */ = {isa = PBXFileReference; lastKnownFileType = sourcecode.swift; path = ViewController.swift; sourceTree = "<group>"; };
		F931CEB32BAD6B260000E522 /* Base */ = {isa = PBXFileReference; lastKnownFileType = file.storyboard; name = Base; path = Base.lproj/Main.storyboard; sourceTree = "<group>"; };
		F931CEB52BAD6B280000E522 /* Assets.xcassets */ = {isa = PBXFileReference; lastKnownFileType = folder.assetcatalog; path = Assets.xcassets; sourceTree = "<group>"; };
		F931CEB82BAD6B280000E522 /* Base */ = {isa = PBXFileReference; lastKnownFileType = file.storyboard; name = Base; path = Base.lproj/LaunchScreen.storyboard; sourceTree = "<group>"; };
		F931CEBA2BAD6B280000E522 /* Info.plist */ = {isa = PBXFileReference; lastKnownFileType = text.plist.xml; path = Info.plist; sourceTree = "<group>"; };
		F9EE709B2BAD817E008263C6 /* EML.swift */ = {isa = PBXFileReference; lastKnownFileType = sourcecode.swift; path = EML.swift; sourceTree = "<group>"; };
		F9EE709E2BAD8239008263C6 /* Constants.swift */ = {isa = PBXFileReference; lastKnownFileType = sourcecode.swift; path = Constants.swift; sourceTree = "<group>"; };
/* End PBXFileReference section */

/* Begin PBXFrameworksBuildPhase section */
		F931CEA62BAD6B260000E522 /* Frameworks */ = {
			isa = PBXFrameworksBuildPhase;
			buildActionMask = 2147483647;
			files = (
				92987862C45B902F0BD5E0CB /* Pods_EML_Integration.framework in Frameworks */,
			);
			runOnlyForDeploymentPostprocessing = 0;
		};
/* End PBXFrameworksBuildPhase section */

/* Begin PBXGroup section */
		AF7B448EEB565AAB9048E498 /* Pods */ = {
			isa = PBXGroup;
			children = (
				84DCA56D66BF82E5C09C57AF /* Pods-EML-Integration.debug.xcconfig */,
				1100C14C73427335D4621EC5 /* Pods-EML-Integration.release.xcconfig */,
			);
			path = Pods;
			sourceTree = "<group>";
		};
		B402AE99A0101858BDDBB95C /* Frameworks */ = {
			isa = PBXGroup;
			children = (
				F0FF7BBF3CDDFEAF799AC3C9 /* Pods_EML_Integration.framework */,
			);
			name = Frameworks;
			sourceTree = "<group>";
		};
		F931CEA02BAD6B260000E522 = {
			isa = PBXGroup;
			children = (
				F931CEAB2BAD6B260000E522 /* EML-Integration */,
				F931CEAA2BAD6B260000E522 /* Products */,
				AF7B448EEB565AAB9048E498 /* Pods */,
				B402AE99A0101858BDDBB95C /* Frameworks */,
			);
			sourceTree = "<group>";
		};
		F931CEAA2BAD6B260000E522 /* Products */ = {
			isa = PBXGroup;
			children = (
				F931CEA92BAD6B260000E522 /* EML-Integration.app */,
			);
			name = Products;
			sourceTree = "<group>";
		};
		F931CEAB2BAD6B260000E522 /* EML-Integration */ = {
			isa = PBXGroup;
			children = (
				F9EE709A2BAD8108008263C6 /* Services */,
				F931CEAC2BAD6B260000E522 /* AppDelegate.swift */,
				F931CEAE2BAD6B260000E522 /* SceneDelegate.swift */,
				F931CEB02BAD6B260000E522 /* ViewController.swift */,
				F931CEB22BAD6B260000E522 /* Main.storyboard */,
				F931CEB52BAD6B280000E522 /* Assets.xcassets */,
				F931CEB72BAD6B280000E522 /* LaunchScreen.storyboard */,
				F931CEBA2BAD6B280000E522 /* Info.plist */,
				F9EE709E2BAD8239008263C6 /* Constants.swift */,
			);
			path = "EML-Integration";
			sourceTree = "<group>";
		};
		F9EE709A2BAD8108008263C6 /* Services */ = {
			isa = PBXGroup;
			children = (
				F9EE709B2BAD817E008263C6 /* EML.swift */,
			);
			path = Services;
			sourceTree = "<group>";
		};
/* End PBXGroup section */

/* Begin PBXNativeTarget section */
		F931CEA82BAD6B260000E522 /* EML-Integration */ = {
			isa = PBXNativeTarget;
			buildConfigurationList = F931CEBD2BAD6B280000E522 /* Build configuration list for PBXNativeTarget "EML-Integration" */;
			buildPhases = (
				64DA958D846AD2BEEF8A9017 /* [CP] Check Pods Manifest.lock */,
				F931CEA52BAD6B260000E522 /* Sources */,
				F931CEA62BAD6B260000E522 /* Frameworks */,
				F931CEA72BAD6B260000E522 /* Resources */,
				F61B8B1A5AB643CC30081A31 /* [CP] Embed Pods Frameworks */,
			);
			buildRules = (
			);
			dependencies = (
			);
			name = "EML-Integration";
			productName = "EML-Integration";
			productReference = F931CEA92BAD6B260000E522 /* EML-Integration.app */;
			productType = "com.apple.product-type.application";
		};
/* End PBXNativeTarget section */

/* Begin PBXProject section */
		F931CEA12BAD6B260000E522 /* Project object */ = {
			isa = PBXProject;
			attributes = {
				BuildIndependentTargetsInParallel = 1;
				LastSwiftUpdateCheck = 1530;
				LastUpgradeCheck = 1530;
				TargetAttributes = {
					F931CEA82BAD6B260000E522 = {
						CreatedOnToolsVersion = 15.3;
					};
				};
			};
			buildConfigurationList = F931CEA42BAD6B260000E522 /* Build configuration list for PBXProject "EML-Integration" */;
			compatibilityVersion = "Xcode 14.0";
			developmentRegion = en;
			hasScannedForEncodings = 0;
			knownRegions = (
				en,
				Base,
			);
			mainGroup = F931CEA02BAD6B260000E522;
			productRefGroup = F931CEAA2BAD6B260000E522 /* Products */;
			projectDirPath = "";
			projectRoot = "";
			targets = (
				F931CEA82BAD6B260000E522 /* EML-Integration */,
			);
		};
/* End PBXProject section */

/* Begin PBXResourcesBuildPhase section */
		F931CEA72BAD6B260000E522 /* Resources */ = {
			isa = PBXResourcesBuildPhase;
			buildActionMask = 2147483647;
			files = (
				F931CEB62BAD6B280000E522 /* Assets.xcassets in Resources */,
				F931CEB92BAD6B280000E522 /* Base in Resources */,
				F931CEB42BAD6B260000E522 /* Base in Resources */,
			);
			runOnlyForDeploymentPostprocessing = 0;
		};
/* End PBXResourcesBuildPhase section */

/* Begin PBXShellScriptBuildPhase section */
		64DA958D846AD2BEEF8A9017 /* [CP] Check Pods Manifest.lock */ = {
			isa = PBXShellScriptBuildPhase;
			buildActionMask = 2147483647;
			files = (
			);
			inputFileListPaths = (
			);
			inputPaths = (
				"${PODS_PODFILE_DIR_PATH}/Podfile.lock",
				"${PODS_ROOT}/Manifest.lock",
			);
			name = "[CP] Check Pods Manifest.lock";
			outputFileListPaths = (
			);
			outputPaths = (
				"$(DERIVED_FILE_DIR)/Pods-EML-Integration-checkManifestLockResult.txt",
			);
			runOnlyForDeploymentPostprocessing = 0;
			shellPath = /bin/sh;
			shellScript = "diff \"${PODS_PODFILE_DIR_PATH}/Podfile.lock\" \"${PODS_ROOT}/Manifest.lock\" > /dev/null\nif [ $? != 0 ] ; then\n    # print error to STDERR\n    echo \"error: The sandbox is not in sync with the Podfile.lock. Run 'pod install' or update your CocoaPods installation.\" >&2\n    exit 1\nfi\n# This output is used by Xcode 'outputs' to avoid re-running this script phase.\necho \"SUCCESS\" > \"${SCRIPT_OUTPUT_FILE_0}\"\n";
			showEnvVarsInLog = 0;
		};
		F61B8B1A5AB643CC30081A31 /* [CP] Embed Pods Frameworks */ = {
			isa = PBXShellScriptBuildPhase;
			buildActionMask = 2147483647;
			files = (
			);
			inputFileListPaths = (
				"${PODS_ROOT}/Target Support Files/Pods-EML-Integration/Pods-EML-Integration-frameworks-${CONFIGURATION}-input-files.xcfilelist",
			);
			name = "[CP] Embed Pods Frameworks";
			outputFileListPaths = (
				"${PODS_ROOT}/Target Support Files/Pods-EML-Integration/Pods-EML-Integration-frameworks-${CONFIGURATION}-output-files.xcfilelist",
			);
			runOnlyForDeploymentPostprocessing = 0;
			shellPath = /bin/sh;
			shellScript = "\"${PODS_ROOT}/Target Support Files/Pods-EML-Integration/Pods-EML-Integration-frameworks.sh\"\n";
			showEnvVarsInLog = 0;
		};
/* End PBXShellScriptBuildPhase section */

/* Begin PBXSourcesBuildPhase section */
		F931CEA52BAD6B260000E522 /* Sources */ = {
			isa = PBXSourcesBuildPhase;
			buildActionMask = 2147483647;
			files = (
				F9EE709F2BAD8239008263C6 /* Constants.swift in Sources */,
				F931CEB12BAD6B260000E522 /* ViewController.swift in Sources */,
				F931CEAD2BAD6B260000E522 /* AppDelegate.swift in Sources */,
				F9EE709C2BAD817E008263C6 /* EML.swift in Sources */,
				F931CEAF2BAD6B260000E522 /* SceneDelegate.swift in Sources */,
			);
			runOnlyForDeploymentPostprocessing = 0;
		};
/* End PBXSourcesBuildPhase section */

/* Begin PBXVariantGroup section */
		F931CEB22BAD6B260000E522 /* Main.storyboard */ = {
			isa = PBXVariantGroup;
			children = (
				F931CEB32BAD6B260000E522 /* Base */,
			);
			name = Main.storyboard;
			sourceTree = "<group>";
		};
		F931CEB72BAD6B280000E522 /* LaunchScreen.storyboard */ = {
			isa = PBXVariantGroup;
			children = (
				F931CEB82BAD6B280000E522 /* Base */,
			);
			name = LaunchScreen.storyboard;
			sourceTree = "<group>";
		};
/* End PBXVariantGroup section */

/* Begin XCBuildConfiguration section */
		F931CEBB2BAD6B280000E522 /* Debug */ = {
			isa = XCBuildConfiguration;
			buildSettings = {
				ALWAYS_SEARCH_USER_PATHS = NO;
				ASSETCATALOG_COMPILER_GENERATE_SWIFT_ASSET_SYMBOL_EXTENSIONS = YES;
				CLANG_ANALYZER_NONNULL = YES;
				CLANG_ANALYZER_NUMBER_OBJECT_CONVERSION = YES_AGGRESSIVE;
				CLANG_CXX_LANGUAGE_STANDARD = "gnu++20";
				CLANG_ENABLE_MODULES = YES;
				CLANG_ENABLE_OBJC_ARC = YES;
				CLANG_ENABLE_OBJC_WEAK = YES;
				CLANG_WARN_BLOCK_CAPTURE_AUTORELEASING = YES;
				CLANG_WARN_BOOL_CONVERSION = YES;
				CLANG_WARN_COMMA = YES;
				CLANG_WARN_CONSTANT_CONVERSION = YES;
				CLANG_WARN_DEPRECATED_OBJC_IMPLEMENTATIONS = YES;
				CLANG_WARN_DIRECT_OBJC_ISA_USAGE = YES_ERROR;
				CLANG_WARN_DOCUMENTATION_COMMENTS = YES;
				CLANG_WARN_EMPTY_BODY = YES;
				CLANG_WARN_ENUM_CONVERSION = YES;
				CLANG_WARN_INFINITE_RECURSION = YES;
				CLANG_WARN_INT_CONVERSION = YES;
				CLANG_WARN_NON_LITERAL_NULL_CONVERSION = YES;
				CLANG_WARN_OBJC_IMPLICIT_RETAIN_SELF = YES;
				CLANG_WARN_OBJC_LITERAL_CONVERSION = YES;
				CLANG_WARN_OBJC_ROOT_CLASS = YES_ERROR;
				CLANG_WARN_QUOTED_INCLUDE_IN_FRAMEWORK_HEADER = YES;
				CLANG_WARN_RANGE_LOOP_ANALYSIS = YES;
				CLANG_WARN_STRICT_PROTOTYPES = YES;
				CLANG_WARN_SUSPICIOUS_MOVE = YES;
				CLANG_WARN_UNGUARDED_AVAILABILITY = YES_AGGRESSIVE;
				CLANG_WARN_UNREACHABLE_CODE = YES;
				CLANG_WARN__DUPLICATE_METHOD_MATCH = YES;
				COPY_PHASE_STRIP = NO;
				DEBUG_INFORMATION_FORMAT = dwarf;
				ENABLE_STRICT_OBJC_MSGSEND = YES;
				ENABLE_TESTABILITY = YES;
				ENABLE_USER_SCRIPT_SANDBOXING = YES;
				GCC_C_LANGUAGE_STANDARD = gnu17;
				GCC_DYNAMIC_NO_PIC = NO;
				GCC_NO_COMMON_BLOCKS = YES;
				GCC_OPTIMIZATION_LEVEL = 0;
				GCC_PREPROCESSOR_DEFINITIONS = (
					"DEBUG=1",
					"$(inherited)",
				);
				GCC_WARN_64_TO_32_BIT_CONVERSION = YES;
				GCC_WARN_ABOUT_RETURN_TYPE = YES_ERROR;
				GCC_WARN_UNDECLARED_SELECTOR = YES;
				GCC_WARN_UNINITIALIZED_AUTOS = YES_AGGRESSIVE;
				GCC_WARN_UNUSED_FUNCTION = YES;
				GCC_WARN_UNUSED_VARIABLE = YES;
				IPHONEOS_DEPLOYMENT_TARGET = 17.4;
				LOCALIZATION_PREFERS_STRING_CATALOGS = YES;
				MTL_ENABLE_DEBUG_INFO = INCLUDE_SOURCE;
				MTL_FAST_MATH = YES;
				ONLY_ACTIVE_ARCH = YES;
				SDKROOT = iphoneos;
				SWIFT_ACTIVE_COMPILATION_CONDITIONS = "DEBUG $(inherited)";
				SWIFT_OPTIMIZATION_LEVEL = "-Onone";
			};
			name = Debug;
		};
		F931CEBC2BAD6B280000E522 /* Release */ = {
			isa = XCBuildConfiguration;
			buildSettings = {
				ALWAYS_SEARCH_USER_PATHS = NO;
				ASSETCATALOG_COMPILER_GENERATE_SWIFT_ASSET_SYMBOL_EXTENSIONS = YES;
				CLANG_ANALYZER_NONNULL = YES;
				CLANG_ANALYZER_NUMBER_OBJECT_CONVERSION = YES_AGGRESSIVE;
				CLANG_CXX_LANGUAGE_STANDARD = "gnu++20";
				CLANG_ENABLE_MODULES = YES;
				CLANG_ENABLE_OBJC_ARC = YES;
				CLANG_ENABLE_OBJC_WEAK = YES;
				CLANG_WARN_BLOCK_CAPTURE_AUTORELEASING = YES;
				CLANG_WARN_BOOL_CONVERSION = YES;
				CLANG_WARN_COMMA = YES;
				CLANG_WARN_CONSTANT_CONVERSION = YES;
				CLANG_WARN_DEPRECATED_OBJC_IMPLEMENTATIONS = YES;
				CLANG_WARN_DIRECT_OBJC_ISA_USAGE = YES_ERROR;
				CLANG_WARN_DOCUMENTATION_COMMENTS = YES;
				CLANG_WARN_EMPTY_BODY = YES;
				CLANG_WARN_ENUM_CONVERSION = YES;
				CLANG_WARN_INFINITE_RECURSION = YES;
				CLANG_WARN_INT_CONVERSION = YES;
				CLANG_WARN_NON_LITERAL_NULL_CONVERSION = YES;
				CLANG_WARN_OBJC_IMPLICIT_RETAIN_SELF = YES;
				CLANG_WARN_OBJC_LITERAL_CONVERSION = YES;
				CLANG_WARN_OBJC_ROOT_CLASS = YES_ERROR;
				CLANG_WARN_QUOTED_INCLUDE_IN_FRAMEWORK_HEADER = YES;
				CLANG_WARN_RANGE_LOOP_ANALYSIS = YES;
				CLANG_WARN_STRICT_PROTOTYPES = YES;
				CLANG_WARN_SUSPICIOUS_MOVE = YES;
				CLANG_WARN_UNGUARDED_AVAILABILITY = YES_AGGRESSIVE;
				CLANG_WARN_UNREACHABLE_CODE = YES;
				CLANG_WARN__DUPLICATE_METHOD_MATCH = YES;
				COPY_PHASE_STRIP = NO;
				DEBUG_INFORMATION_FORMAT = "dwarf-with-dsym";
				ENABLE_NS_ASSERTIONS = NO;
				ENABLE_STRICT_OBJC_MSGSEND = YES;
				ENABLE_USER_SCRIPT_SANDBOXING = YES;
				GCC_C_LANGUAGE_STANDARD = gnu17;
				GCC_NO_COMMON_BLOCKS = YES;
				GCC_WARN_64_TO_32_BIT_CONVERSION = YES;
				GCC_WARN_ABOUT_RETURN_TYPE = YES_ERROR;
				GCC_WARN_UNDECLARED_SELECTOR = YES;
				GCC_WARN_UNINITIALIZED_AUTOS = YES_AGGRESSIVE;
				GCC_WARN_UNUSED_FUNCTION = YES;
				GCC_WARN_UNUSED_VARIABLE = YES;
				IPHONEOS_DEPLOYMENT_TARGET = 17.4;
				LOCALIZATION_PREFERS_STRING_CATALOGS = YES;
				MTL_ENABLE_DEBUG_INFO = NO;
				MTL_FAST_MATH = YES;
				SDKROOT = iphoneos;
				SWIFT_COMPILATION_MODE = wholemodule;
				VALIDATE_PRODUCT = YES;
			};
			name = Release;
		};
		F931CEBE2BAD6B280000E522 /* Debug */ = {
			isa = XCBuildConfiguration;
			baseConfigurationReference = 84DCA56D66BF82E5C09C57AF /* Pods-EML-Integration.debug.xcconfig */;
			buildSettings = {
				ASSETCATALOG_COMPILER_APPICON_NAME = AppIcon;
				ASSETCATALOG_COMPILER_GLOBAL_ACCENT_COLOR_NAME = AccentColor;
				CODE_SIGN_STYLE = Automatic;
				CURRENT_PROJECT_VERSION = 1;
				GENERATE_INFOPLIST_FILE = YES;
				INFOPLIST_FILE = "EML-Integration/Info.plist";
				INFOPLIST_KEY_UIApplicationSupportsIndirectInputEvents = YES;
				INFOPLIST_KEY_UILaunchStoryboardName = LaunchScreen;
				INFOPLIST_KEY_UIMainStoryboardFile = Main;
				INFOPLIST_KEY_UISupportedInterfaceOrientations_iPad = "UIInterfaceOrientationPortrait UIInterfaceOrientationPortraitUpsideDown UIInterfaceOrientationLandscapeLeft UIInterfaceOrientationLandscapeRight";
				INFOPLIST_KEY_UISupportedInterfaceOrientations_iPhone = "UIInterfaceOrientationPortrait UIInterfaceOrientationLandscapeLeft UIInterfaceOrientationLandscapeRight";
				LD_RUNPATH_SEARCH_PATHS = (
					"$(inherited)",
					"@executable_path/Frameworks",
				);
				MARKETING_VERSION = 1.0;
				PRODUCT_BUNDLE_IDENTIFIER = "com.demo.EML-Integration";
				PRODUCT_NAME = "$(TARGET_NAME)";
				SWIFT_EMIT_LOC_STRINGS = YES;
				SWIFT_VERSION = 5.0;
				TARGETED_DEVICE_FAMILY = "1,2";
			};
			name = Debug;
		};
		F931CEBF2BAD6B280000E522 /* Release */ = {
			isa = XCBuildConfiguration;
			baseConfigurationReference = 1100C14C73427335D4621EC5 /* Pods-EML-Integration.release.xcconfig */;
			buildSettings = {
				ASSETCATALOG_COMPILER_APPICON_NAME = AppIcon;
				ASSETCATALOG_COMPILER_GLOBAL_ACCENT_COLOR_NAME = AccentColor;
				CODE_SIGN_STYLE = Automatic;
				CURRENT_PROJECT_VERSION = 1;
				GENERATE_INFOPLIST_FILE = YES;
				INFOPLIST_FILE = "EML-Integration/Info.plist";
				INFOPLIST_KEY_UIApplicationSupportsIndirectInputEvents = YES;
				INFOPLIST_KEY_UILaunchStoryboardName = LaunchScreen;
				INFOPLIST_KEY_UIMainStoryboardFile = Main;
				INFOPLIST_KEY_UISupportedInterfaceOrientations_iPad = "UIInterfaceOrientationPortrait UIInterfaceOrientationPortraitUpsideDown UIInterfaceOrientationLandscapeLeft UIInterfaceOrientationLandscapeRight";
				INFOPLIST_KEY_UISupportedInterfaceOrientations_iPhone = "UIInterfaceOrientationPortrait UIInterfaceOrientationLandscapeLeft UIInterfaceOrientationLandscapeRight";
				LD_RUNPATH_SEARCH_PATHS = (
					"$(inherited)",
					"@executable_path/Frameworks",
				);
				MARKETING_VERSION = 1.0;
				PRODUCT_BUNDLE_IDENTIFIER = "com.demo.EML-Integration";
				PRODUCT_NAME = "$(TARGET_NAME)";
				SWIFT_EMIT_LOC_STRINGS = YES;
				SWIFT_VERSION = 5.0;
				TARGETED_DEVICE_FAMILY = "1,2";
			};
			name = Release;
		};
/* End XCBuildConfiguration section */

/* Begin XCConfigurationList section */
		F931CEA42BAD6B260000E522 /* Build configuration list for PBXProject "EML-Integration" */ = {
			isa = XCConfigurationList;
			buildConfigurations = (
				F931CEBB2BAD6B280000E522 /* Debug */,
				F931CEBC2BAD6B280000E522 /* Release */,
			);
			defaultConfigurationIsVisible = 0;
			defaultConfigurationName = Release;
		};
		F931CEBD2BAD6B280000E522 /* Build configuration list for PBXNativeTarget "EML-Integration" */ = {
			isa = XCConfigurationList;
			buildConfigurations = (
				F931CEBE2BAD6B280000E522 /* Debug */,
				F931CEBF2BAD6B280000E522 /* Release */,
			);
			defaultConfigurationIsVisible = 0;
			defaultConfigurationName = Release;
		};
/* End XCConfigurationList section */
	};
	rootObject = F931CEA12BAD6B260000E522 /* Project object */;
}
